<?xml version="1.0" encoding="utf-8"?>
<Project ToolsVersion="4.0" xmlns="http://schemas.microsoft.com/developer/msbuild/2003">
  <ItemGroup>
    <Filter Include="リソース ファイル">
      <UniqueIdentifier>{67DA6AB6-F800-4c08-8B7A-83BB121AAD01}</UniqueIdentifier>
      <Extensions>rc;ico;cur;bmp;dlg;rc2;rct;bin;rgs;gif;jpg;jpeg;jpe;resx;tiff;tif;png;wav;mfcribbon-ms</Extensions>
    </Filter>
    <Filter Include="MyPG">
      <UniqueIdentifier>{b35a18ec-194d-4fea-852c-04cef35dd4c5}</UniqueIdentifier>
    </Filter>
    <Filter Include="Lib">
      <UniqueIdentifier>{03edeb10-2dce-4448-9773-e351d54f2af1}</UniqueIdentifier>
    </Filter>
    <Filter Include="GameEngine">
      <UniqueIdentifier>{7ec743ff-cd39-4503-b15a-b383d90b63cf}</UniqueIdentifier>
    </Filter>
    <Filter Include="Lib\DG2014">
      <UniqueIdentifier>{69163297-886a-4dac-b189-d31c213e0fee}</UniqueIdentifier>
    </Filter>
    <Filter Include="MyPG\Task">
      <UniqueIdentifier>{ac267129-d8b1-4447-8bb5-09a39c81010e}</UniqueIdentifier>
    </Filter>
    <Filter Include="MyPG\Task\Scene">
      <UniqueIdentifier>{985e651f-4f37-46cf-b96f-72b5706d85a2}</UniqueIdentifier>
    </Filter>
    <Filter Include="MyPG\Task\Scene\ending">
      <UniqueIdentifier>{5995aebb-b88d-4733-b1a0-1ef6a853acdd}</UniqueIdentifier>
    </Filter>
    <Filter Include="MyPG\Task\Scene\Game">
      <UniqueIdentifier>{7d028710-44f8-42e3-be53-ca5d15c994e3}</UniqueIdentifier>
    </Filter>
    <Filter Include="MyPG\Task\Scene\title">
      <UniqueIdentifier>{afe76ad6-8597-4a25-99dd-be97f1fbe1b9}</UniqueIdentifier>
    </Filter>
    <Filter Include="MyPG\Components">
      <UniqueIdentifier>{57c02684-13b5-44df-9947-27764e6cc91c}</UniqueIdentifier>
    </Filter>
    <Filter Include="MyPG\Task\System">
      <UniqueIdentifier>{ec3fa10a-fbf9-4759-a701-2b5232c1c170}</UniqueIdentifier>
    </Filter>
    <Filter Include="MyPG\Components\Anim">
      <UniqueIdentifier>{6953b0aa-5f5e-4c2f-82b5-a6a098217010}</UniqueIdentifier>
    </Filter>
    <Filter Include="MyPG\Task\Actors">
      <UniqueIdentifier>{2c79baeb-8fd3-4731-ab4b-039d59db4669}</UniqueIdentifier>
    </Filter>
    <Filter Include="MyPG\Task\Actors\Blocks">
      <UniqueIdentifier>{e37c5cf5-fecf-4597-808d-4b135dbb7cca}</UniqueIdentifier>
    </Filter>
  </ItemGroup>
  <ItemGroup>
    <ClCompile Include="GameEngine_Ver3_83.cpp">
      <Filter>GameEngine</Filter>
    </ClCompile>
    <ClCompile Include="Dm2008_Ver1_4.cpp">
      <Filter>Lib</Filter>
    </ClCompile>
    <ClCompile Include="XI2018_Ver1_0.cpp">
      <Filter>Lib</Filter>
    </ClCompile>
    <ClCompile Include="DG2014\DG2014_DGObject.cpp">
      <Filter>Lib\DG2014</Filter>
    </ClCompile>
    <ClCompile Include="DG2014\DG2014_Effect.cpp">
      <Filter>Lib\DG2014</Filter>
    </ClCompile>
    <ClCompile Include="DG2014\DG2014_Font.cpp">
      <Filter>Lib\DG2014</Filter>
    </ClCompile>
    <ClCompile Include="DG2014\DG2014_Image.cpp">
      <Filter>Lib\DG2014</Filter>
    </ClCompile>
    <ClCompile Include="DG2014\DG2014_IndexBuffer.cpp">
      <Filter>Lib\DG2014</Filter>
    </ClCompile>
    <ClCompile Include="DG2014\DG2014_InputLayout.cpp">
      <Filter>Lib\DG2014</Filter>
    </ClCompile>
    <ClCompile Include="DG2014\DG2014_Mesh.cpp">
      <Filter>Lib\DG2014</Filter>
    </ClCompile>
    <ClCompile Include="DG2014\DG2014_MeshSOBFile.cpp">
      <Filter>Lib\DG2014</Filter>
    </ClCompile>
    <ClCompile Include="DG2014\DG2014_Texture.cpp">
      <Filter>Lib\DG2014</Filter>
    </ClCompile>
    <ClCompile Include="DG2014\DG2014_Ver3_6.cpp">
      <Filter>Lib\DG2014</Filter>
    </ClCompile>
    <ClCompile Include="DG2014\DG2014_VertexBuffer.cpp">
      <Filter>Lib\DG2014</Filter>
    </ClCompile>
    <ClCompile Include="DG2014\DG2014_VertexContainer.cpp">
      <Filter>Lib\DG2014</Filter>
    </ClCompile>
    <ClCompile Include="myLib.cpp">
      <Filter>Lib</Filter>
    </ClCompile>
    <ClCompile Include="MyPG.cpp">
      <Filter>MyPG</Filter>
    </ClCompile>
    <ClCompile Include="WinMain.cpp">
      <Filter>MyPG</Filter>
    </ClCompile>
    <ClCompile Include="fpscounter.cpp">
      <Filter>Lib</Filter>
    </ClCompile>
    <ClCompile Include="randomLib.cpp">
      <Filter>Lib</Filter>
    </ClCompile>
    <ClCompile Include="sound.cpp">
      <Filter>Lib</Filter>
    </ClCompile>
    <ClCompile Include="Task_Effect00.cpp">
      <Filter>MyPG\Task</Filter>
    </ClCompile>
    <ClCompile Include="easing.cpp">
      <Filter>Lib</Filter>
    </ClCompile>
    <ClCompile Include="Source\Scene\Task_Game.cpp">
      <Filter>MyPG\Task\Scene\Game</Filter>
    </ClCompile>
    <ClCompile Include="Source\Scene\Task_Ending.cpp">
      <Filter>MyPG\Task\Scene\ending</Filter>
    </ClCompile>
    <ClCompile Include="Source\Scene\Task_Title.cpp">
      <Filter>MyPG\Task\Scene\title</Filter>
    </ClCompile>
    <ClCompile Include="Source\Components\HP.cpp">
      <Filter>MyPG\Components</Filter>
    </ClCompile>
    <ClCompile Include="Source\Components\Movement.cpp">
      <Filter>MyPG\Components</Filter>
    </ClCompile>
    <ClCompile Include="Source\Components\Timer.cpp">
      <Filter>MyPG\Components</Filter>
    </ClCompile>
    <ClCompile Include="Source\System\Task_DrawNumFont.cpp">
      <Filter>MyPG\Task\System</Filter>
    </ClCompile>
    <ClCompile Include="Source\System\Task_BackGround.cpp">
      <Filter>MyPG\Task\System</Filter>
    </ClCompile>
    <ClCompile Include="Source\System\Task_DrawGauge.cpp">
      <Filter>MyPG\Task\System</Filter>
    </ClCompile>
    <ClCompile Include="Source\System\Task_FlashDraw.cpp">
      <Filter>MyPG\Task\System</Filter>
    </ClCompile>
    <ClCompile Include="Source\Components\Animation\AnimManager.cpp">
      <Filter>MyPG\Components\Anim</Filter>
    </ClCompile>
    <ClCompile Include="Component.cpp">
      <Filter>MyPG</Filter>
    </ClCompile>
    <ClCompile Include="Source\Components\Animation\AnimInfo.cpp">
      <Filter>MyPG\Components\Anim</Filter>
    </ClCompile>
    <ClCompile Include="GameObject.cpp">
      <Filter>MyPG</Filter>
    </ClCompile>
    <ClCompile Include="Source\Components\BoxCollisionComponent.cpp">
      <Filter>MyPG\Components</Filter>
    </ClCompile>
    <ClCompile Include="Source\Components\CircleCollisionComponent.cpp">
      <Filter>MyPG\Components</Filter>
    </ClCompile>
    <ClCompile Include="Actor.cpp">
      <Filter>MyPG</Filter>
    </ClCompile>
    <ClCompile Include="Character.cpp">
      <Filter>MyPG</Filter>
    </ClCompile>
    <ClCompile Include="NPC.cpp">
      <Filter>MyPG</Filter>
    </ClCompile>
    <ClCompile Include="Player.cpp">
      <Filter>MyPG</Filter>
    </ClCompile>
    <ClCompile Include="Source\Components\ControllerInputComponent.cpp">
      <Filter>MyPG\Components</Filter>
    </ClCompile>
    <ClCompile Include="Source\Components\StateComponent.cpp">
      <Filter>MyPG\Components</Filter>
    </ClCompile>
    <ClCompile Include="Source\Components\AIComponent.cpp">
      <Filter>MyPG\Components</Filter>
    </ClCompile>
    <ClCompile Include="Source\Components\AIMoveComponent.cpp">
      <Filter>MyPG\Components</Filter>
    </ClCompile>
    <ClCompile Include="Enemy.cpp">
      <Filter>MyPG</Filter>
    </ClCompile>
    <ClCompile Include="Debtor.cpp">
      <Filter>MyPG</Filter>
    </ClCompile>
    <ClCompile Include="Source\Components\DebtorAIComponent.cpp">
      <Filter>MyPG\Components</Filter>
    </ClCompile>
    <ClCompile Include="Source\Actors\Task_EtoHaiji.cpp">
      <Filter>MyPG\Task\Actors</Filter>
    </ClCompile>
    <ClCompile Include="Source\Scene\Task_Map.cpp">
      <Filter>MyPG\Task\Scene\Game</Filter>
    </ClCompile>
    <ClCompile Include="BBlocks.cpp">
      <Filter>MyPG</Filter>
    </ClCompile>
    <ClCompile Include="Source\Components\Blocks\Task_Stone.cpp">
      <Filter>MyPG\Task\Actors\Blocks</Filter>
    </ClCompile>
  </ItemGroup>
  <ItemGroup>
    <ClInclude Include="GameEngine_Ver3_83.h">
      <Filter>GameEngine</Filter>
    </ClInclude>
    <ClInclude Include="Dm2008_Ver1_4.h">
      <Filter>Lib</Filter>
    </ClInclude>
    <ClInclude Include="XI2018_Ver1_0.h">
      <Filter>Lib</Filter>
    </ClInclude>
    <ClInclude Include="DG2014\DG2014_DGObject.h">
      <Filter>Lib\DG2014</Filter>
    </ClInclude>
    <ClInclude Include="DG2014\DG2014_Effect.h">
      <Filter>Lib\DG2014</Filter>
    </ClInclude>
    <ClInclude Include="DG2014\DG2014_Font.h">
      <Filter>Lib\DG2014</Filter>
    </ClInclude>
    <ClInclude Include="DG2014\DG2014_Image.h">
      <Filter>Lib\DG2014</Filter>
    </ClInclude>
    <ClInclude Include="DG2014\DG2014_IndexBuffer.h">
      <Filter>Lib\DG2014</Filter>
    </ClInclude>
    <ClInclude Include="DG2014\DG2014_InputLayout.h">
      <Filter>Lib\DG2014</Filter>
    </ClInclude>
    <ClInclude Include="DG2014\DG2014_Mesh.h">
      <Filter>Lib\DG2014</Filter>
    </ClInclude>
    <ClInclude Include="DG2014\DG2014_Texture.h">
      <Filter>Lib\DG2014</Filter>
    </ClInclude>
    <ClInclude Include="DG2014\DG2014_Ver3_6.h">
      <Filter>Lib\DG2014</Filter>
    </ClInclude>
    <ClInclude Include="DG2014\DG2014_VertexBuffer.h">
      <Filter>Lib\DG2014</Filter>
    </ClInclude>
    <ClInclude Include="DG2014\DG2014_VertexContainer.h">
      <Filter>Lib\DG2014</Filter>
    </ClInclude>
    <ClInclude Include="myLib.h">
      <Filter>Lib</Filter>
    </ClInclude>
    <ClInclude Include="MyPG.h">
      <Filter>MyPG</Filter>
    </ClInclude>
    <ClInclude Include="fpscounter.h">
      <Filter>Lib</Filter>
    </ClInclude>
    <ClInclude Include="randomLib.h">
      <Filter>Lib</Filter>
    </ClInclude>
    <ClInclude Include="sound.h">
      <Filter>Lib</Filter>
    </ClInclude>
    <ClInclude Include="Task_Effect00.h">
      <Filter>MyPG\Task</Filter>
    </ClInclude>
    <ClInclude Include="easing.h">
      <Filter>Lib</Filter>
    </ClInclude>
    <ClInclude Include="resource.h" />
    <ClInclude Include="Source\Scene\Task_Game.h">
      <Filter>MyPG\Task\Scene\Game</Filter>
    </ClInclude>
    <ClInclude Include="Source\Scene\Task_Ending.h">
      <Filter>MyPG\Task\Scene\ending</Filter>
    </ClInclude>
    <ClInclude Include="Source\Scene\Task_Title.h">
      <Filter>MyPG\Task\Scene\title</Filter>
    </ClInclude>
    <ClInclude Include="Source\Components\HP.h">
      <Filter>MyPG\Components</Filter>
    </ClInclude>
    <ClInclude Include="Source\Components\Movement.h">
      <Filter>MyPG\Components</Filter>
    </ClInclude>
    <ClInclude Include="Source\Components\Timer.h">
      <Filter>MyPG\Components</Filter>
    </ClInclude>
    <ClInclude Include="Source\System\Task_DrawNumFont.h">
      <Filter>MyPG\Task\System</Filter>
    </ClInclude>
    <ClInclude Include="Source\System\Task_BackGround.h">
      <Filter>MyPG\Task\System</Filter>
    </ClInclude>
    <ClInclude Include="Source\System\Task_DrawGauge.h">
      <Filter>MyPG\Task\System</Filter>
    </ClInclude>
    <ClInclude Include="Source\System\Task_FlashDraw.h">
      <Filter>MyPG\Task\System</Filter>
    </ClInclude>
    <ClInclude Include="Source\Components\Animation\AnimManager.h">
      <Filter>MyPG\Components\Anim</Filter>
    </ClInclude>
    <ClInclude Include="Component.h">
      <Filter>MyPG</Filter>
    </ClInclude>
    <ClInclude Include="Source\Components\Animation\AnimInfo.h">
      <Filter>MyPG\Components\Anim</Filter>
    </ClInclude>
    <ClInclude Include="GameObject.h">
      <Filter>MyPG</Filter>
    </ClInclude>
    <ClInclude Include="Source\Components\BoxCollisionComponent.h">
      <Filter>MyPG\Components</Filter>
    </ClInclude>
    <ClInclude Include="Source\Components\CircleCollisionComponent.h">
      <Filter>MyPG\Components</Filter>
    </ClInclude>
    <ClInclude Include="Actor.h">
      <Filter>MyPG</Filter>
    </ClInclude>
    <ClInclude Include="Character.h">
      <Filter>MyPG</Filter>
    </ClInclude>
    <ClInclude Include="NPC.h">
      <Filter>MyPG</Filter>
    </ClInclude>
    <ClInclude Include="Player.h">
      <Filter>MyPG</Filter>
    </ClInclude>
    <ClInclude Include="Source\Components\ControllerInputComponent.h">
      <Filter>MyPG\Components</Filter>
    </ClInclude>
    <ClInclude Include="Source\Components\StateComponent.h">
      <Filter>MyPG\Components</Filter>
    </ClInclude>
    <ClInclude Include="Source\Components\AIComponent.h">
      <Filter>MyPG\Components</Filter>
    </ClInclude>
    <ClInclude Include="Source\Components\AIMoveComponent.h">
      <Filter>MyPG\Components</Filter>
    </ClInclude>
    <ClInclude Include="Enemy.h">
      <Filter>MyPG</Filter>
    </ClInclude>
    <ClInclude Include="Debtor.h">
      <Filter>MyPG</Filter>
    </ClInclude>
    <ClInclude Include="Source\Components\DebtorAIComponent.h">
      <Filter>MyPG\Components</Filter>
    </ClInclude>
    <ClInclude Include="Source\Actors\Task_EtoHaiji.h">
      <Filter>MyPG\Task\Actors</Filter>
    </ClInclude>
    <ClInclude Include="Source\Scene\Task_Map.h">
      <Filter>MyPG\Task\Scene\Game</Filter>
    </ClInclude>
    <ClInclude Include="BBlocks.h">
      <Filter>MyPG</Filter>
    </ClInclude>
    <ClInclude Include="Source\Components\Blocks\Task_Stone.h">
      <Filter>MyPG\Task\Actors\Blocks</Filter>
    </ClInclude>
  </ItemGroup>
  <ItemGroup>
    <ResourceCompile Include="GPG_20201.rc">
      <Filter>リソース ファイル</Filter>
    </ResourceCompile>
  </ItemGroup>
  <ItemGroup>
    <Image Include="data\Gp3.ico">
      <Filter>リソース ファイル</Filter>
    </Image>
  </ItemGroup>
</Project>